
Microsoft Visual Studio Solution File, Format Version 12.00
# Visual Studio Version 17
VisualStudioVersion = 17.0.32014.148
MinimumVisualStudioVersion = 10.0.40219.1
Project("{FAE04EC0-301F-11D3-BF4B-00C04F79EFBC}") = "ImageOnTopTool", "ImageOnTopTool\ImageOnTopTool.csproj", "{313D3C82-E2C2-4F05-975F-B38BCBE0515F}"
EndProject
Global
	GlobalSection(SolutionConfigurationPlatforms) = preSolution
		Debug|Any CPU = Debug|Any CPU
		Release|Any CPU = Release|Any CPU
	EndGlobalSection
	GlobalSection(ProjectConfigurationPlatforms) = postSolution
		{313D3C82-E2C2-4F05-975F-B38BCBE0515F}.Debug|Any CPU.ActiveCfg = Debug|Any CPU
		{313D3C82-E2C2-4F05-975F-B38BCBE0515F}.Debug|Any CPU.Build.0 = Debug|Any CPU
		{313D3C82-E2C2-4F05-975F-B38BCBE0515F}.Release|Any CPU.ActiveCfg = Release|Any CPU
		{313D3C82-E2C2-4F05-975F-B38BCBE0515F}.Release|Any CPU.Build.0 = Release|Any CPU
	EndGlobalSection
	GlobalSection(SolutionProperties) = preSolution
		HideSolutionNode = FALSE
	EndGlobalSection
	GlobalSection(ExtensibilityGlobals) = postSolution
		SolutionGuid = {76C0B563-BF70-4D2B-B31D-DC8CD58DB51F}
	EndGlobalSection
EndGlobal
